{
  "name": "generator",
  "lockfileVersion": 3,
  "requires": true,
  "packages": {
    "": {
      "name": "generator",
      "dependencies": {
        "@yodogawa404/get-unicode-chunk-range_jp": "^0.3.1"
      },
      "devDependencies": {
        "prettier": "^3.8.1"
      }
    },
    "node_modules/@yodogawa404/get-unicode-chunk-range_jp": {
      "version": "0.3.1",
      "resolved": "https://registry.npmjs.org/@yodogawa404/get-unicode-chunk-range_jp/-/get-unicode-chunk-range_jp-0.3.1.tgz",
      "integrity": "sha512-F+jofDeTaM/QXHB7PlbWiWrlyLvz6xjWWO+ilA9yYhus23LGvLr01rUFkX830scxQ5IqlS7J3PbgRIJwktv84w==",
      "license": "UNLICENSED"
    },
    "node_modules/prettier": {
      "version": "3.8.1",
      "resolved": "https://registry.npmjs.org/prettier/-/prettier-3.8.1.tgz",
      "integrity": "sha512-UOnG6LftzbdaHZcKoPFtOcCKztrQ57WkHDeRD9t/PTQtmT0NHSeWWepj6pS0z/N7+08BHFDQVUrfmfMRcZwbMg==",
      "dev": true,
      "license": "MIT",
      "bin": {
        "prettier": "bin/prettier.cjs"
      },
      "engines": {
        "node": ">=14"
      },
      "funding": {
        "url": "https://github.com/prettier/prettier?sponsor=1"
      }
    }
  }
}
